
Microsoft Visual Studio Solution File, Format Version 12.00
# Visual Studio Version 16
VisualStudioVersion = 16.0.32106.194
MinimumVisualStudioVersion = 10.0.40219.1
Project("{8BC9CEB8-8B4A-11D0-8D11-00A0C91BC942}") = "PeanutRenderer", "PeanutRenderer\PeanutRenderer.vcxproj", "{C78CE48E-1D52-45A7-9A38-72FDC616CE8D}"
EndProject
Project("{8BC9CEB8-8B4A-11D0-8D11-00A0C91BC942}") = "GLAD", "PeanutRenderer\dependencies\GLAD\GLAD.vcxproj", "{F01C7608-3335-403A-B0F7-9A63C7EB6D53}"
EndProject
Global
	GlobalSection(SolutionConfigurationPlatforms) = preSolution
		Debug|x64 = Debug|x64
		Debug|x86 = Debug|x86
		Release|x64 = Release|x64
		Release|x86 = Release|x86
	EndGlobalSection
	GlobalSection(ProjectConfigurationPlatforms) = postSolution
		{C78CE48E-1D52-45A7-9A38-72FDC616CE8D}.Debug|x64.ActiveCfg = Debug|x64
		{C78CE48E-1D52-45A7-9A38-72FDC616CE8D}.Debug|x64.Build.0 = Debug|x64
		{C78CE48E-1D52-45A7-9A38-72FDC616CE8D}.Debug|x86.ActiveCfg = Debug|Win32
		{C78CE48E-1D52-45A7-9A38-72FDC616CE8D}.Debug|x86.Build.0 = Debug|Win32
		{C78CE48E-1D52-45A7-9A38-72FDC616CE8D}.Release|x64.ActiveCfg = Release|x64
		{C78CE48E-1D52-45A7-9A38-72FDC616CE8D}.Release|x64.Build.0 = Release|x64
		{C78CE48E-1D52-45A7-9A38-72FDC616CE8D}.Release|x86.ActiveCfg = Release|Win32
		{C78CE48E-1D52-45A7-9A38-72FDC616CE8D}.Release|x86.Build.0 = Release|Win32
		{F01C7608-3335-403A-B0F7-9A63C7EB6D53}.Debug|x64.ActiveCfg = Debug|x64
		{F01C7608-3335-403A-B0F7-9A63C7EB6D53}.Debug|x64.Build.0 = Debug|x64
		{F01C7608-3335-403A-B0F7-9A63C7EB6D53}.Debug|x86.ActiveCfg = Debug|Win32
		{F01C7608-3335-403A-B0F7-9A63C7EB6D53}.Debug|x86.Build.0 = Debug|Win32
		{F01C7608-3335-403A-B0F7-9A63C7EB6D53}.Release|x64.ActiveCfg = Release|x64
		{F01C7608-3335-403A-B0F7-9A63C7EB6D53}.Release|x64.Build.0 = Release|x64
		{F01C7608-3335-403A-B0F7-9A63C7EB6D53}.Release|x86.ActiveCfg = Release|Win32
		{F01C7608-3335-403A-B0F7-9A63C7EB6D53}.Release|x86.Build.0 = Release|Win32
	EndGlobalSection
	GlobalSection(SolutionProperties) = preSolution
		HideSolutionNode = FALSE
	EndGlobalSection
	GlobalSection(ExtensibilityGlobals) = postSolution
		SolutionGuid = {77E351C0-463D-4F05-B9AD-66B2F306A0D9}
	EndGlobalSection
EndGlobal
